
Microsoft Visual Studio Solution File, Format Version 12.00
# Visual Studio 15
VisualStudioVersion = 15.0.27130.2027
MinimumVisualStudioVersion = 10.0.40219.1
Project("{FAE04EC0-301F-11D3-BF4B-00C04F79EFBC}") = "QA", "QA\QA.csproj", "{403A751B-7E13-4562-BC3F-FBCC65A4116A}"
EndProject
Project("{FAE04EC0-301F-11D3-BF4B-00C04F79EFBC}") = "QB", "QB\QB.csproj", "{F53D5E36-B0D2-4208-8AD0-136D8BE47A8B}"
EndProject
Project("{FAE04EC0-301F-11D3-BF4B-00C04F79EFBC}") = "QC", "QC\QC.csproj", "{B6857722-AADB-41C2-8C7C-7B424C1E0F95}"
EndProject
Global
	GlobalSection(SolutionConfigurationPlatforms) = preSolution
		Debug|Any CPU = Debug|Any CPU
		Release|Any CPU = Release|Any CPU
	EndGlobalSection
	GlobalSection(ProjectConfigurationPlatforms) = postSolution
		{403A751B-7E13-4562-BC3F-FBCC65A4116A}.Debug|Any CPU.ActiveCfg = Debug|Any CPU
		{403A751B-7E13-4562-BC3F-FBCC65A4116A}.Debug|Any CPU.Build.0 = Debug|Any CPU
		{403A751B-7E13-4562-BC3F-FBCC65A4116A}.Release|Any CPU.ActiveCfg = Release|Any CPU
		{403A751B-7E13-4562-BC3F-FBCC65A4116A}.Release|Any CPU.Build.0 = Release|Any CPU
		{F53D5E36-B0D2-4208-8AD0-136D8BE47A8B}.Debug|Any CPU.ActiveCfg = Debug|Any CPU
		{F53D5E36-B0D2-4208-8AD0-136D8BE47A8B}.Debug|Any CPU.Build.0 = Debug|Any CPU
		{F53D5E36-B0D2-4208-8AD0-136D8BE47A8B}.Release|Any CPU.ActiveCfg = Release|Any CPU
		{F53D5E36-B0D2-4208-8AD0-136D8BE47A8B}.Release|Any CPU.Build.0 = Release|Any CPU
		{B6857722-AADB-41C2-8C7C-7B424C1E0F95}.Debug|Any CPU.ActiveCfg = Debug|Any CPU
		{B6857722-AADB-41C2-8C7C-7B424C1E0F95}.Debug|Any CPU.Build.0 = Debug|Any CPU
		{B6857722-AADB-41C2-8C7C-7B424C1E0F95}.Release|Any CPU.ActiveCfg = Release|Any CPU
		{B6857722-AADB-41C2-8C7C-7B424C1E0F95}.Release|Any CPU.Build.0 = Release|Any CPU
	EndGlobalSection
	GlobalSection(SolutionProperties) = preSolution
		HideSolutionNode = FALSE
	EndGlobalSection
	GlobalSection(ExtensibilityGlobals) = postSolution
		SolutionGuid = {1D13FE23-A594-4E8B-B83B-CB124A12A8EA}
	EndGlobalSection
EndGlobal
